%{
  "decimal": {:hex, :decimal, "2.0.0", "a78296e617b0f5dd4c6caf57c714431347912ffb1d0842e998e9792b5642d697", [:mix], [], "hexpm", "34666e9c55dea81013e77d9d87370fe6cb6291d1ef32f46a1600230b1d44f577"},
  "erlport": {:hex, :erlport, "0.10.1", "c96ffa51bbcab0298232fcdfe8c3e110f1598011de71ae6b9082b80c9e2e476a", [:rebar3], [], "hexpm", "34931e8cb62a131d1bc8a2bd04d4007c73c03e4f10e22ee4a218e7172227a918"},
  "json": {:hex, :json, "1.4.1", "8648f04a9439765ad449bc56a3ff7d8b11dd44ff08ffcdefc4329f7c93843dfa", [:mix], [], "hexpm", "9abf218dbe4ea4fcb875e087d5f904ef263d012ee5ed21d46e9dbca63f053d16"},
  "progress_bar": {:hex, :progress_bar, "2.0.1", "7b40200112ae533d5adceb80ff75fbe66dc753bca5f6c55c073bfc122d71896d", [:mix], [{:decimal, "~> 2.0", [hex: :decimal, repo: "hexpm", optional: false]}], "hexpm", "2519eb58a2f149a3a094e729378256d8cb6d96a259ec94841bd69fdc71f18f87"},
}
